
Microsoft Visual Studio Solution File, Format Version 12.00
# Visual Studio Version 17
VisualStudioVersion = 17.2.32630.192
MinimumVisualStudioVersion = 10.0.40219.1
Project("{FAE04EC0-301F-11D3-BF4B-00C04F79EFBC}") = "pr17", "pr17\pr17.csproj", "{A8A35F05-7D48-4D45-8A76-12127537D8FB}"
EndProject
Global
	GlobalSection(SolutionConfigurationPlatforms) = preSolution
		Debug|Any CPU = Debug|Any CPU
		Release|Any CPU = Release|Any CPU
	EndGlobalSection
	GlobalSection(ProjectConfigurationPlatforms) = postSolution
		{A8A35F05-7D48-4D45-8A76-12127537D8FB}.Debug|Any CPU.ActiveCfg = Debug|Any CPU
		{A8A35F05-7D48-4D45-8A76-12127537D8FB}.Debug|Any CPU.Build.0 = Debug|Any CPU
		{A8A35F05-7D48-4D45-8A76-12127537D8FB}.Release|Any CPU.ActiveCfg = Release|Any CPU
		{A8A35F05-7D48-4D45-8A76-12127537D8FB}.Release|Any CPU.Build.0 = Release|Any CPU
	EndGlobalSection
	GlobalSection(SolutionProperties) = preSolution
		HideSolutionNode = FALSE
	EndGlobalSection
	GlobalSection(ExtensibilityGlobals) = postSolution
		SolutionGuid = {CF728514-45E2-45DD-AA9A-637F2A18045B}
	EndGlobalSection
EndGlobal
